
Microsoft Visual Studio Solution File, Format Version 12.00
# Visual Studio Version 17
VisualStudioVersion = 17.2.32516.85
MinimumVisualStudioVersion = 10.0.40219.1
Project("{FAE04EC0-301F-11D3-BF4B-00C04F79EFBC}") = "PocMinimalAPI", "PocMinimalAPI\PocMinimalAPI.csproj", "{73851BDB-8EF5-4B7F-80D0-18FC124A6A95}"
EndProject
Global
	GlobalSection(SolutionConfigurationPlatforms) = preSolution
		Debug|Any CPU = Debug|Any CPU
		Release|Any CPU = Release|Any CPU
	EndGlobalSection
	GlobalSection(ProjectConfigurationPlatforms) = postSolution
		{73851BDB-8EF5-4B7F-80D0-18FC124A6A95}.Debug|Any CPU.ActiveCfg = Debug|Any CPU
		{73851BDB-8EF5-4B7F-80D0-18FC124A6A95}.Debug|Any CPU.Build.0 = Debug|Any CPU
		{73851BDB-8EF5-4B7F-80D0-18FC124A6A95}.Release|Any CPU.ActiveCfg = Release|Any CPU
		{73851BDB-8EF5-4B7F-80D0-18FC124A6A95}.Release|Any CPU.Build.0 = Release|Any CPU
	EndGlobalSection
	GlobalSection(SolutionProperties) = preSolution
		HideSolutionNode = FALSE
	EndGlobalSection
	GlobalSection(ExtensibilityGlobals) = postSolution
		SolutionGuid = {C6139CAF-7B3E-4FD9-A1DA-F3AD5F19CDAB}
	EndGlobalSection
EndGlobal
